// !$*UTF8*$!
{
	archiveVersion = 1;
	classes = {
	};
	objectVersion = 48;
	objects = {

/* Begin PBXBuildFile section */
		9BC6F309205A6F1C00B8BD83 /* AppDelegate.swift in Sources */ = {isa = PBXBuildFile; fileRef = 9BC6F308205A6F1C00B8BD83 /* AppDelegate.swift */; };
		9BC6F30B205A6F1C00B8BD83 /* ViewController.swift in Sources */ = {isa = PBXBuildFile; fileRef = 9BC6F30A205A6F1C00B8BD83 /* ViewController.swift */; };
		9BC6F30E205A6F1C00B8BD83 /* Main.storyboard in Resources */ = {isa = PBXBuildFile; fileRef = 9BC6F30C205A6F1C00B8BD83 /* Main.storyboard */; };
		9BC6F310205A6F1C00B8BD83 /* Assets.xcassets in Resources */ = {isa = PBXBuildFile; fileRef = 9BC6F30F205A6F1C00B8BD83 /* Assets.xcassets */; };
		9BC6F313205A6F1C00B8BD83 /* LaunchScreen.storyboard in Resources */ = {isa = PBXBuildFile; fileRef = 9BC6F311205A6F1C00B8BD83 /* LaunchScreen.storyboard */; };
/* End PBXBuildFile section */

/* Begin PBXFileReference section */
		9BC6F305205A6F1C00B8BD83 /* lab 3b.app */ = {isa = PBXFileReference; explicitFileType = wrapper.application; includeInIndex = 0; path = "lab 3b.app"; sourceTree = BUILT_PRODUCTS_DIR; };
		9BC6F308205A6F1C00B8BD83 /* AppDelegate.swift */ = {isa = PBXFileReference; lastKnownFileType = sourcecode.swift; path = AppDelegate.swift; sourceTree = "<group>"; };
		9BC6F30A205A6F1C00B8BD83 /* ViewController.swift */ = {isa = PBXFileReference; lastKnownFileType = sourcecode.swift; path = ViewController.swift; sourceTree = "<group>"; };
		9BC6F30D205A6F1C00B8BD83 /* Base */ = {isa = PBXFileReference; lastKnownFileType = file.storyboard; name = Base; path = Base.lproj/Main.storyboard; sourceTree = "<group>"; };
		9BC6F30F205A6F1C00B8BD83 /* Assets.xcassets */ = {isa = PBXFileReference; lastKnownFileType = folder.assetcatalog; path = Assets.xcassets; sourceTree = "<group>"; };
		9BC6F312205A6F1C00B8BD83 /* Base */ = {isa = PBXFileReference; lastKnownFileType = file.storyboard; name = Base; path = Base.lproj/LaunchScreen.storyboard; sourceTree = "<group>"; };
		9BC6F314205A6F1C00B8BD83 /* Info.plist */ = {isa = PBXFileReference; lastKnownFileType = text.plist.xml; path = Info.plist; sourceTree = "<group>"; };
/* End PBXFileReference section */

/* Begin PBXFrameworksBuildPhase section */
		9BC6F302205A6F1C00B8BD83 /* Frameworks */ = {
			isa = PBXFrameworksBuildPhase;
			buildActionMask = 2147483647;
			files = (
			);
			runOnlyForDeploymentPostprocessing = 0;
		};
/* End PBXFrameworksBuildPhase section */

/* Begin PBXGroup section */
		9BC6F2FC205A6F1C00B8BD83 = {
			isa = PBXGroup;
			children = (
				9BC6F307205A6F1C00B8BD83 /* lab 3b */,
				9BC6F306205A6F1C00B8BD83 /* Products */,
			);
			sourceTree = "<group>";
		};
		9BC6F306205A6F1C00B8BD83 /* Products */ = {
			isa = PBXGroup;
			children = (
				9BC6F305205A6F1C00B8BD83 /* lab 3b.app */,
			);
			name = Products;
			sourceTree = "<group>";
		};
		9BC6F307205A6F1C00B8BD83 /* lab 3b */ = {
			isa = PBXGroup;
			children = (
				9BC6F308205A6F1C00B8BD83 /* AppDelegate.swift */,
				9BC6F30A205A6F1C00B8BD83 /* ViewController.swift */,
				9BC6F30C205A6F1C00B8BD83 /* Main.storyboard */,
				9BC6F30F205A6F1C00B8BD83 /* Assets.xcassets */,
				9BC6F311205A6F1C00B8BD83 /* LaunchScreen.storyboard */,
				9BC6F314205A6F1C00B8BD83 /* Info.plist */,
			);
			path = "lab 3b";
			sourceTree = "<group>";
		};
/* End PBXGroup section */

/* Begin PBXNativeTarget section */
		9BC6F304205A6F1C00B8BD83 /* lab 3b */ = {
			isa = PBXNativeTarget;
			buildConfigurationList = 9BC6F317205A6F1C00B8BD83 /* Build configuration list for PBXNativeTarget "lab 3b" */;
			buildPhases = (
				9BC6F301205A6F1C00B8BD83 /* Sources */,
				9BC6F302205A6F1C00B8BD83 /* Frameworks */,
				9BC6F303205A6F1C00B8BD83 /* Resources */,
			);
			buildRules = (
			);
			dependencies = (
			);
			name = "lab 3b";
			productName = "lab 3b";
			productReference = 9BC6F305205A6F1C00B8BD83 /* lab 3b.app */;
			productType = "com.apple.product-type.application";
		};
/* End PBXNativeTarget section */

/* Begin PBXProject section */
		9BC6F2FD205A6F1C00B8BD83 /* Project object */ = {
			isa = PBXProject;
			attributes = {
				LastSwiftUpdateCheck = 0920;
				LastUpgradeCheck = 0920;
				ORGANIZATIONNAME = "Ryan Tabler";
				TargetAttributes = {
					9BC6F304205A6F1C00B8BD83 = {
						CreatedOnToolsVersion = 9.2;
						ProvisioningStyle = Automatic;
					};
				};
			};
			buildConfigurationList = 9BC6F300205A6F1C00B8BD83 /* Build configuration list for PBXProject "lab 3b" */;
			compatibilityVersion = "Xcode 8.0";
			developmentRegion = en;
			hasScannedForEncodings = 0;
			knownRegions = (
				en,
				Base,
			);
			mainGroup = 9BC6F2FC205A6F1C00B8BD83;
			productRefGroup = 9BC6F306205A6F1C00B8BD83 /* Products */;
			projectDirPath = "";
			projectRoot = "";
			targets = (
				9BC6F304205A6F1C00B8BD83 /* lab 3b */,
			);
		};
/* End PBXProject section */

/* Begin PBXResourcesBuildPhase section */
		9BC6F303205A6F1C00B8BD83 /* Resources */ = {
			isa = PBXResourcesBuildPhase;
			buildActionMask = 2147483647;
			files = (
				9BC6F313205A6F1C00B8BD83 /* LaunchScreen.storyboard in Resources */,
				9BC6F310205A6F1C00B8BD83 /* Assets.xcassets in Resources */,
				9BC6F30E205A6F1C00B8BD83 /* Main.storyboard in Resources */,
			);
			runOnlyForDeploymentPostprocessing = 0;
		};
/* End PBXResourcesBuildPhase section */

/* Begin PBXSourcesBuildPhase section */
		9BC6F301205A6F1C00B8BD83 /* Sources */ = {
			isa = PBXSourcesBuildPhase;
			buildActionMask = 2147483647;
			files = (
				9BC6F30B205A6F1C00B8BD83 /* ViewController.swift in Sources */,
				9BC6F309205A6F1C00B8BD83 /* AppDelegate.swift in Sources */,
			);
			runOnlyForDeploymentPostprocessing = 0;
		};
/* End PBXSourcesBuildPhase section */

/* Begin PBXVariantGroup section */
		9BC6F30C205A6F1C00B8BD83 /* Main.storyboard */ = {
			isa = PBXVariantGroup;
			children = (
				9BC6F30D205A6F1C00B8BD83 /* Base */,
			);
			name = Main.storyboard;
			sourceTree = "<group>";
		};
		9BC6F311205A6F1C00B8BD83 /* LaunchScreen.storyboard */ = {
			isa = PBXVariantGroup;
			children = (
				9BC6F312205A6F1C00B8BD83 /* Base */,
			);
			name = LaunchScreen.storyboard;
			sourceTree = "<group>";
		};
/* End PBXVariantGroup section */

/* Begin XCBuildConfiguration section */
		9BC6F315205A6F1C00B8BD83 /* Debug */ = {
			isa = XCBuildConfiguration;
			buildSettings = {
				ALWAYS_SEARCH_USER_PATHS = NO;
				CLANG_ANALYZER_NONNULL = YES;
				CLANG_ANALYZER_NUMBER_OBJECT_CONVERSION = YES_AGGRESSIVE;
				CLANG_CXX_LANGUAGE_STANDARD = "gnu++14";
				CLANG_CXX_LIBRARY = "libc++";
				CLANG_ENABLE_MODULES = YES;
				CLANG_ENABLE_OBJC_ARC = YES;
				CLANG_WARN_BLOCK_CAPTURE_AUTORELEASING = YES;
				CLANG_WARN_BOOL_CONVERSION = YES;
				CLANG_WARN_COMMA = YES;
				CLANG_WARN_CONSTANT_CONVERSION = YES;
				CLANG_WARN_DIRECT_OBJC_ISA_USAGE = YES_ERROR;
				CLANG_WARN_DOCUMENTATION_COMMENTS = YES;
				CLANG_WARN_EMPTY_BODY = YES;
				CLANG_WARN_ENUM_CONVERSION = YES;
				CLANG_WARN_INFINITE_RECURSION = YES;
				CLANG_WARN_INT_CONVERSION = YES;
				CLANG_WARN_NON_LITERAL_NULL_CONVERSION = YES;
				CLANG_WARN_OBJC_LITERAL_CONVERSION = YES;
				CLANG_WARN_OBJC_ROOT_CLASS = YES_ERROR;
				CLANG_WARN_RANGE_LOOP_ANALYSIS = YES;
				CLANG_WARN_STRICT_PROTOTYPES = YES;
				CLANG_WARN_SUSPICIOUS_MOVE = YES;
				CLANG_WARN_UNGUARDED_AVAILABILITY = YES_AGGRESSIVE;
				CLANG_WARN_UNREACHABLE_CODE = YES;
				CLANG_WARN__DUPLICATE_METHOD_MATCH = YES;
				CODE_SIGN_IDENTITY = "iPhone Developer";
				COPY_PHASE_STRIP = NO;
				DEBUG_INFORMATION_FORMAT = dwarf;
				ENABLE_STRICT_OBJC_MSGSEND = YES;
				ENABLE_TESTABILITY = YES;
				GCC_C_LANGUAGE_STANDARD = gnu11;
				GCC_DYNAMIC_NO_PIC = NO;
				GCC_NO_COMMON_BLOCKS = YES;
				GCC_OPTIMIZATION_LEVEL = 0;
				GCC_PREPROCESSOR_DEFINITIONS = (
					"DEBUG=1",
					"$(inherited)",
				);
				GCC_WARN_64_TO_32_BIT_CONVERSION = YES;
				GCC_WARN_ABOUT_RETURN_TYPE = YES_ERROR;
				GCC_WARN_UNDECLARED_SELECTOR = YES;
				GCC_WARN_UNINITIALIZED_AUTOS = YES_AGGRESSIVE;
				GCC_WARN_UNUSED_FUNCTION = YES;
				GCC_WARN_UNUSED_VARIABLE = YES;
				IPHONEOS_DEPLOYMENT_TARGET = 11.2;
				MTL_ENABLE_DEBUG_INFO = YES;
				ONLY_ACTIVE_ARCH = YES;
				SDKROOT = iphoneos;
				SWIFT_ACTIVE_COMPILATION_CONDITIONS = DEBUG;
				SWIFT_OPTIMIZATION_LEVEL = "-Onone";
			};
			name = Debug;
		};
		9BC6F316205A6F1C00B8BD83 /* Release */ = {
			isa = XCBuildConfiguration;
			buildSettings = {
				ALWAYS_SEARCH_USER_PATHS = NO;
				CLANG_ANALYZER_NONNULL = YES;
				CLANG_ANALYZER_NUMBER_OBJECT_CONVERSION = YES_AGGRESSIVE;
				CLANG_CXX_LANGUAGE_STANDARD = "gnu++14";
				CLANG_CXX_LIBRARY = "libc++";
				CLANG_ENABLE_MODULES = YES;
				CLANG_ENABLE_OBJC_ARC = YES;
				CLANG_WARN_BLOCK_CAPTURE_AUTORELEASING = YES;
				CLANG_WARN_BOOL_CONVERSION = YES;
				CLANG_WARN_COMMA = YES;
				CLANG_WARN_CONSTANT_CONVERSION = YES;
				CLANG_WARN_DIRECT_OBJC_ISA_USAGE = YES_ERROR;
				CLANG_WARN_DOCUMENTATION_COMMENTS = YES;
				CLANG_WARN_EMPTY_BODY = YES;
				CLANG_WARN_ENUM_CONVERSION = YES;
				CLANG_WARN_INFINITE_RECURSION = YES;
				CLANG_WARN_INT_CONVERSION = YES;
				CLANG_WARN_NON_LITERAL_NULL_CONVERSION = YES;
				CLANG_WARN_OBJC_LITERAL_CONVERSION = YES;
				CLANG_WARN_OBJC_ROOT_CLASS = YES_ERROR;
				CLANG_WARN_RANGE_LOOP_ANALYSIS = YES;
				CLANG_WARN_STRICT_PROTOTYPES = YES;
				CLANG_WARN_SUSPICIOUS_MOVE = YES;
				CLANG_WARN_UNGUARDED_AVAILABILITY = YES_AGGRESSIVE;
				CLANG_WARN_UNREACHABLE_CODE = YES;
				CLANG_WARN__DUPLICATE_METHOD_MATCH = YES;
				CODE_SIGN_IDENTITY = "iPhone Developer";
				COPY_PHASE_STRIP = NO;
				DEBUG_INFORMATION_FORMAT = "dwarf-with-dsym";
				ENABLE_NS_ASSERTIONS = NO;
				ENABLE_STRICT_OBJC_MSGSEND = YES;
				GCC_C_LANGUAGE_STANDARD = gnu11;
				GCC_NO_COMMON_BLOCKS = YES;
				GCC_WARN_64_TO_32_BIT_CONVERSION = YES;
				GCC_WARN_ABOUT_RETURN_TYPE = YES_ERROR;
				GCC_WARN_UNDECLARED_SELECTOR = YES;
				GCC_WARN_UNINITIALIZED_AUTOS = YES_AGGRESSIVE;
				GCC_WARN_UNUSED_FUNCTION = YES;
				GCC_WARN_UNUSED_VARIABLE = YES;
				IPHONEOS_DEPLOYMENT_TARGET = 11.2;
				MTL_ENABLE_DEBUG_INFO = NO;
				SDKROOT = iphoneos;
				SWIFT_OPTIMIZATION_LEVEL = "-Owholemodule";
				VALIDATE_PRODUCT = YES;
			};
			name = Release;
		};
		9BC6F318205A6F1C00B8BD83 /* Debug */ = {
			isa = XCBuildConfiguration;
			buildSettings = {
				ASSETCATALOG_COMPILER_APPICON_NAME = AppIcon;
				CODE_SIGN_STYLE = Automatic;
				INFOPLIST_FILE = "lab 3b/Info.plist";
				LD_RUNPATH_SEARCH_PATHS = "$(inherited) @executable_path/Frameworks";
				PRODUCT_BUNDLE_IDENTIFIER = "ryantabler.lab-3b";
				PRODUCT_NAME = "$(TARGET_NAME)";
				SWIFT_VERSION = 4.0;
				TARGETED_DEVICE_FAMILY = "1,2";
			};
			name = Debug;
		};
		9BC6F319205A6F1C00B8BD83 /* Release */ = {
			isa = XCBuildConfiguration;
			buildSettings = {
				ASSETCATALOG_COMPILER_APPICON_NAME = AppIcon;
				CODE_SIGN_STYLE = Automatic;
				INFOPLIST_FILE = "lab 3b/Info.plist";
				LD_RUNPATH_SEARCH_PATHS = "$(inherited) @executable_path/Frameworks";
				PRODUCT_BUNDLE_IDENTIFIER = "ryantabler.lab-3b";
				PRODUCT_NAME = "$(TARGET_NAME)";
				SWIFT_VERSION = 4.0;
				TARGETED_DEVICE_FAMILY = "1,2";
			};
			name = Release;
		};
/* End XCBuildConfiguration section */

/* Begin XCConfigurationList section */
		9BC6F300205A6F1C00B8BD83 /* Build configuration list for PBXProject "lab 3b" */ = {
			isa = XCConfigurationList;
			buildConfigurations = (
				9BC6F315205A6F1C00B8BD83 /* Debug */,
				9BC6F316205A6F1C00B8BD83 /* Release */,
			);
			defaultConfigurationIsVisible = 0;
			defaultConfigurationName = Release;
		};
		9BC6F317205A6F1C00B8BD83 /* Build configuration list for PBXNativeTarget "lab 3b" */ = {
			isa = XCConfigurationList;
			buildConfigurations = (
				9BC6F318205A6F1C00B8BD83 /* Debug */,
				9BC6F319205A6F1C00B8BD83 /* Release */,
			);
			defaultConfigurationIsVisible = 0;
			defaultConfigurationName = Release;
		};
/* End XCConfigurationList section */
	};
	rootObject = 9BC6F2FD205A6F1C00B8BD83 /* Project object */;
}
